
Microsoft Visual Studio Solution File, Format Version 12.00
# Visual Studio Version 17
VisualStudioVersion = 17.8.34330.188
MinimumVisualStudioVersion = 10.0.40219.1
Project("{FAE04EC0-301F-11D3-BF4B-00C04F79EFBC}") = "GemHunter1", "GemHunter1.csproj", "{641E80F9-A2A9-4202-AB4D-C889AA42591A}"
EndProject
Global
	GlobalSection(SolutionConfigurationPlatforms) = preSolution
		Debug|Any CPU = Debug|Any CPU
		Release|Any CPU = Release|Any CPU
	EndGlobalSection
	GlobalSection(ProjectConfigurationPlatforms) = postSolution
		{641E80F9-A2A9-4202-AB4D-C889AA42591A}.Debug|Any CPU.ActiveCfg = Debug|Any CPU
		{641E80F9-A2A9-4202-AB4D-C889AA42591A}.Debug|Any CPU.Build.0 = Debug|Any CPU
		{641E80F9-A2A9-4202-AB4D-C889AA42591A}.Release|Any CPU.ActiveCfg = Release|Any CPU
		{641E80F9-A2A9-4202-AB4D-C889AA42591A}.Release|Any CPU.Build.0 = Release|Any CPU
	EndGlobalSection
	GlobalSection(SolutionProperties) = preSolution
		HideSolutionNode = FALSE
	EndGlobalSection
	GlobalSection(ExtensibilityGlobals) = postSolution
		SolutionGuid = {433F4468-C4F4-4914-9280-12C454E0937E}
	EndGlobalSection
EndGlobal
